
Microsoft Visual Studio Solution File, Format Version 12.00
# Visual Studio 15
VisualStudioVersion = 15.0.26124.0
MinimumVisualStudioVersion = 15.0.26124.0
Project("{FAE04EC0-301F-11D3-BF4B-00C04F79EFBC}") = "Focus.Common", "Focus.Common\Focus.Common.csproj", "{D451FECE-0A2E-409F-A304-CF127A857841}"
EndProject
Project("{FAE04EC0-301F-11D3-BF4B-00C04F79EFBC}") = "GeneratorBase", "GeneratorBase\GeneratorBase.csproj", "{C048A513-2BF3-4053-9C54-876DE2C1EDB9}"
EndProject
Project("{FAE04EC0-301F-11D3-BF4B-00C04F79EFBC}") = "WebApiGenerator", "WebApiGenerator\WebApiGenerator.csproj", "{5623A433-0B27-4831-91E4-8B7A06D6F336}"
EndProject
Project("{FAE04EC0-301F-11D3-BF4B-00C04F79EFBC}") = "WebApiGeneratorRunner", "WebApiGeneratorRunner\WebApiGeneratorRunner.csproj", "{2D5F64F0-8FF0-459C-A642-3D191ECD4C70}"
EndProject
Global
	GlobalSection(SolutionConfigurationPlatforms) = preSolution
		Debug|Any CPU = Debug|Any CPU
		Debug|x64 = Debug|x64
		Debug|x86 = Debug|x86
		Release|Any CPU = Release|Any CPU
		Release|x64 = Release|x64
		Release|x86 = Release|x86
	EndGlobalSection
	GlobalSection(SolutionProperties) = preSolution
		HideSolutionNode = FALSE
	EndGlobalSection
	GlobalSection(ProjectConfigurationPlatforms) = postSolution
		{D451FECE-0A2E-409F-A304-CF127A857841}.Debug|Any CPU.ActiveCfg = Debug|Any CPU
		{D451FECE-0A2E-409F-A304-CF127A857841}.Debug|Any CPU.Build.0 = Debug|Any CPU
		{D451FECE-0A2E-409F-A304-CF127A857841}.Debug|x64.ActiveCfg = Debug|Any CPU
		{D451FECE-0A2E-409F-A304-CF127A857841}.Debug|x64.Build.0 = Debug|Any CPU
		{D451FECE-0A2E-409F-A304-CF127A857841}.Debug|x86.ActiveCfg = Debug|Any CPU
		{D451FECE-0A2E-409F-A304-CF127A857841}.Debug|x86.Build.0 = Debug|Any CPU
		{D451FECE-0A2E-409F-A304-CF127A857841}.Release|Any CPU.ActiveCfg = Release|Any CPU
		{D451FECE-0A2E-409F-A304-CF127A857841}.Release|Any CPU.Build.0 = Release|Any CPU
		{D451FECE-0A2E-409F-A304-CF127A857841}.Release|x64.ActiveCfg = Release|Any CPU
		{D451FECE-0A2E-409F-A304-CF127A857841}.Release|x64.Build.0 = Release|Any CPU
		{D451FECE-0A2E-409F-A304-CF127A857841}.Release|x86.ActiveCfg = Release|Any CPU
		{D451FECE-0A2E-409F-A304-CF127A857841}.Release|x86.Build.0 = Release|Any CPU
		{C048A513-2BF3-4053-9C54-876DE2C1EDB9}.Debug|Any CPU.ActiveCfg = Debug|Any CPU
		{C048A513-2BF3-4053-9C54-876DE2C1EDB9}.Debug|Any CPU.Build.0 = Debug|Any CPU
		{C048A513-2BF3-4053-9C54-876DE2C1EDB9}.Debug|x64.ActiveCfg = Debug|Any CPU
		{C048A513-2BF3-4053-9C54-876DE2C1EDB9}.Debug|x64.Build.0 = Debug|Any CPU
		{C048A513-2BF3-4053-9C54-876DE2C1EDB9}.Debug|x86.ActiveCfg = Debug|Any CPU
		{C048A513-2BF3-4053-9C54-876DE2C1EDB9}.Debug|x86.Build.0 = Debug|Any CPU
		{C048A513-2BF3-4053-9C54-876DE2C1EDB9}.Release|Any CPU.ActiveCfg = Release|Any CPU
		{C048A513-2BF3-4053-9C54-876DE2C1EDB9}.Release|Any CPU.Build.0 = Release|Any CPU
		{C048A513-2BF3-4053-9C54-876DE2C1EDB9}.Release|x64.ActiveCfg = Release|Any CPU
		{C048A513-2BF3-4053-9C54-876DE2C1EDB9}.Release|x64.Build.0 = Release|Any CPU
		{C048A513-2BF3-4053-9C54-876DE2C1EDB9}.Release|x86.ActiveCfg = Release|Any CPU
		{C048A513-2BF3-4053-9C54-876DE2C1EDB9}.Release|x86.Build.0 = Release|Any CPU
		{F141B0A3-C3BC-4C60-9916-CA8CB9BA8012}.Debug|Any CPU.ActiveCfg = Debug|Any CPU
		{F141B0A3-C3BC-4C60-9916-CA8CB9BA8012}.Debug|Any CPU.Build.0 = Debug|Any CPU
		{F141B0A3-C3BC-4C60-9916-CA8CB9BA8012}.Debug|x64.ActiveCfg = Debug|Any CPU
		{F141B0A3-C3BC-4C60-9916-CA8CB9BA8012}.Debug|x64.Build.0 = Debug|Any CPU
		{F141B0A3-C3BC-4C60-9916-CA8CB9BA8012}.Debug|x86.ActiveCfg = Debug|Any CPU
		{F141B0A3-C3BC-4C60-9916-CA8CB9BA8012}.Debug|x86.Build.0 = Debug|Any CPU
		{F141B0A3-C3BC-4C60-9916-CA8CB9BA8012}.Release|Any CPU.ActiveCfg = Release|Any CPU
		{F141B0A3-C3BC-4C60-9916-CA8CB9BA8012}.Release|Any CPU.Build.0 = Release|Any CPU
		{F141B0A3-C3BC-4C60-9916-CA8CB9BA8012}.Release|x64.ActiveCfg = Release|Any CPU
		{F141B0A3-C3BC-4C60-9916-CA8CB9BA8012}.Release|x64.Build.0 = Release|Any CPU
		{F141B0A3-C3BC-4C60-9916-CA8CB9BA8012}.Release|x86.ActiveCfg = Release|Any CPU
		{F141B0A3-C3BC-4C60-9916-CA8CB9BA8012}.Release|x86.Build.0 = Release|Any CPU
		{5623A433-0B27-4831-91E4-8B7A06D6F336}.Debug|Any CPU.ActiveCfg = Debug|Any CPU
		{5623A433-0B27-4831-91E4-8B7A06D6F336}.Debug|Any CPU.Build.0 = Debug|Any CPU
		{5623A433-0B27-4831-91E4-8B7A06D6F336}.Debug|x64.ActiveCfg = Debug|Any CPU
		{5623A433-0B27-4831-91E4-8B7A06D6F336}.Debug|x64.Build.0 = Debug|Any CPU
		{5623A433-0B27-4831-91E4-8B7A06D6F336}.Debug|x86.ActiveCfg = Debug|Any CPU
		{5623A433-0B27-4831-91E4-8B7A06D6F336}.Debug|x86.Build.0 = Debug|Any CPU
		{5623A433-0B27-4831-91E4-8B7A06D6F336}.Release|Any CPU.ActiveCfg = Release|Any CPU
		{5623A433-0B27-4831-91E4-8B7A06D6F336}.Release|Any CPU.Build.0 = Release|Any CPU
		{5623A433-0B27-4831-91E4-8B7A06D6F336}.Release|x64.ActiveCfg = Release|Any CPU
		{5623A433-0B27-4831-91E4-8B7A06D6F336}.Release|x64.Build.0 = Release|Any CPU
		{5623A433-0B27-4831-91E4-8B7A06D6F336}.Release|x86.ActiveCfg = Release|Any CPU
		{5623A433-0B27-4831-91E4-8B7A06D6F336}.Release|x86.Build.0 = Release|Any CPU
		{9BC7C192-3B10-4BA4-846D-B4216F7C1901}.Debug|Any CPU.ActiveCfg = Debug|Any CPU
		{9BC7C192-3B10-4BA4-846D-B4216F7C1901}.Debug|Any CPU.Build.0 = Debug|Any CPU
		{9BC7C192-3B10-4BA4-846D-B4216F7C1901}.Debug|x64.ActiveCfg = Debug|Any CPU
		{9BC7C192-3B10-4BA4-846D-B4216F7C1901}.Debug|x64.Build.0 = Debug|Any CPU
		{9BC7C192-3B10-4BA4-846D-B4216F7C1901}.Debug|x86.ActiveCfg = Debug|Any CPU
		{9BC7C192-3B10-4BA4-846D-B4216F7C1901}.Debug|x86.Build.0 = Debug|Any CPU
		{9BC7C192-3B10-4BA4-846D-B4216F7C1901}.Release|Any CPU.ActiveCfg = Debug|Any CPU
		{9BC7C192-3B10-4BA4-846D-B4216F7C1901}.Release|Any CPU.Build.0 = Debug|Any CPU
		{9BC7C192-3B10-4BA4-846D-B4216F7C1901}.Release|x64.ActiveCfg = Debug|Any CPU
		{9BC7C192-3B10-4BA4-846D-B4216F7C1901}.Release|x64.Build.0 = Debug|Any CPU
		{9BC7C192-3B10-4BA4-846D-B4216F7C1901}.Release|x86.ActiveCfg = Debug|Any CPU
		{9BC7C192-3B10-4BA4-846D-B4216F7C1901}.Release|x86.Build.0 = Debug|Any CPU
		{2D5F64F0-8FF0-459C-A642-3D191ECD4C70}.Debug|Any CPU.ActiveCfg = Debug|Any CPU
		{2D5F64F0-8FF0-459C-A642-3D191ECD4C70}.Debug|Any CPU.Build.0 = Debug|Any CPU
		{2D5F64F0-8FF0-459C-A642-3D191ECD4C70}.Debug|x64.ActiveCfg = Debug|Any CPU
		{2D5F64F0-8FF0-459C-A642-3D191ECD4C70}.Debug|x64.Build.0 = Debug|Any CPU
		{2D5F64F0-8FF0-459C-A642-3D191ECD4C70}.Debug|x86.ActiveCfg = Debug|Any CPU
		{2D5F64F0-8FF0-459C-A642-3D191ECD4C70}.Debug|x86.Build.0 = Debug|Any CPU
		{2D5F64F0-8FF0-459C-A642-3D191ECD4C70}.Release|Any CPU.ActiveCfg = Debug|Any CPU
		{2D5F64F0-8FF0-459C-A642-3D191ECD4C70}.Release|Any CPU.Build.0 = Debug|Any CPU
		{2D5F64F0-8FF0-459C-A642-3D191ECD4C70}.Release|x64.ActiveCfg = Debug|Any CPU
		{2D5F64F0-8FF0-459C-A642-3D191ECD4C70}.Release|x64.Build.0 = Debug|Any CPU
		{2D5F64F0-8FF0-459C-A642-3D191ECD4C70}.Release|x86.ActiveCfg = Debug|Any CPU
		{2D5F64F0-8FF0-459C-A642-3D191ECD4C70}.Release|x86.Build.0 = Debug|Any CPU
		{7FE5A56A-E5B8-45BE-A1B7-176C3DF38A1F}.Debug|Any CPU.ActiveCfg = Debug|Any CPU
		{7FE5A56A-E5B8-45BE-A1B7-176C3DF38A1F}.Debug|Any CPU.Build.0 = Debug|Any CPU
		{7FE5A56A-E5B8-45BE-A1B7-176C3DF38A1F}.Debug|x64.ActiveCfg = Debug|Any CPU
		{7FE5A56A-E5B8-45BE-A1B7-176C3DF38A1F}.Debug|x64.Build.0 = Debug|Any CPU
		{7FE5A56A-E5B8-45BE-A1B7-176C3DF38A1F}.Debug|x86.ActiveCfg = Debug|Any CPU
		{7FE5A56A-E5B8-45BE-A1B7-176C3DF38A1F}.Debug|x86.Build.0 = Debug|Any CPU
		{7FE5A56A-E5B8-45BE-A1B7-176C3DF38A1F}.Release|Any CPU.ActiveCfg = Release|Any CPU
		{7FE5A56A-E5B8-45BE-A1B7-176C3DF38A1F}.Release|Any CPU.Build.0 = Release|Any CPU
		{7FE5A56A-E5B8-45BE-A1B7-176C3DF38A1F}.Release|x64.ActiveCfg = Release|Any CPU
		{7FE5A56A-E5B8-45BE-A1B7-176C3DF38A1F}.Release|x64.Build.0 = Release|Any CPU
		{7FE5A56A-E5B8-45BE-A1B7-176C3DF38A1F}.Release|x86.ActiveCfg = Release|Any CPU
		{7FE5A56A-E5B8-45BE-A1B7-176C3DF38A1F}.Release|x86.Build.0 = Release|Any CPU
		{90E10D1F-8B23-4209-A3D9-6A8A7ACA2882}.Debug|Any CPU.ActiveCfg = Debug|Any CPU
		{90E10D1F-8B23-4209-A3D9-6A8A7ACA2882}.Debug|Any CPU.Build.0 = Debug|Any CPU
		{90E10D1F-8B23-4209-A3D9-6A8A7ACA2882}.Debug|x64.ActiveCfg = Debug|Any CPU
		{90E10D1F-8B23-4209-A3D9-6A8A7ACA2882}.Debug|x64.Build.0 = Debug|Any CPU
		{90E10D1F-8B23-4209-A3D9-6A8A7ACA2882}.Debug|x86.ActiveCfg = Debug|Any CPU
		{90E10D1F-8B23-4209-A3D9-6A8A7ACA2882}.Debug|x86.Build.0 = Debug|Any CPU
		{90E10D1F-8B23-4209-A3D9-6A8A7ACA2882}.Release|Any CPU.ActiveCfg = Release|Any CPU
		{90E10D1F-8B23-4209-A3D9-6A8A7ACA2882}.Release|Any CPU.Build.0 = Release|Any CPU
		{90E10D1F-8B23-4209-A3D9-6A8A7ACA2882}.Release|x64.ActiveCfg = Release|Any CPU
		{90E10D1F-8B23-4209-A3D9-6A8A7ACA2882}.Release|x64.Build.0 = Release|Any CPU
		{90E10D1F-8B23-4209-A3D9-6A8A7ACA2882}.Release|x86.ActiveCfg = Release|Any CPU
		{90E10D1F-8B23-4209-A3D9-6A8A7ACA2882}.Release|x86.Build.0 = Release|Any CPU
	EndGlobalSection
EndGlobal
