
Microsoft Visual Studio Solution File, Format Version 12.00
# Visual Studio 15
VisualStudioVersion = 15.0.28010.2050
MinimumVisualStudioVersion = 10.0.40219.1
Project("{FAE04EC0-301F-11D3-BF4B-00C04F79EFBC}") = "NoRoom.Common", "NoRoom.Common\NoRoom.Common.csproj", "{33A0E243-4C5C-4E46-8A12-9F64F5B48637}"
EndProject
Project("{2150E333-8FDC-42A3-9474-1A3956D46DE8}") = "Libraries", "Libraries", "{1C3F7102-80A7-49FD-BB25-9B02CAA61D80}"
	ProjectSection(SolutionItems) = preProject
		..\Generator\Focus.Common\bin\Debug\netcoreapp2.2\Focus.Common.dll = ..\Generator\Focus.Common\bin\Debug\netcoreapp2.2\Focus.Common.dll
	EndProjectSection
EndProject
Global
	GlobalSection(SolutionConfigurationPlatforms) = preSolution
		Debug|Any CPU = Debug|Any CPU
		Release|Any CPU = Release|Any CPU
	EndGlobalSection
	GlobalSection(ProjectConfigurationPlatforms) = postSolution
		{33A0E243-4C5C-4E46-8A12-9F64F5B48637}.Debug|Any CPU.ActiveCfg = Debug|Any CPU
		{33A0E243-4C5C-4E46-8A12-9F64F5B48637}.Debug|Any CPU.Build.0 = Debug|Any CPU
		{33A0E243-4C5C-4E46-8A12-9F64F5B48637}.Release|Any CPU.ActiveCfg = Release|Any CPU
		{33A0E243-4C5C-4E46-8A12-9F64F5B48637}.Release|Any CPU.Build.0 = Release|Any CPU
	EndGlobalSection
	GlobalSection(SolutionProperties) = preSolution
		HideSolutionNode = FALSE
	EndGlobalSection
	GlobalSection(ExtensibilityGlobals) = postSolution
		SolutionGuid = {D1627FB7-AC56-4C8C-AB44-B00F9F0CC83F}
	EndGlobalSection
EndGlobal
